
Microsoft Visual Studio Solution File, Format Version 12.00
# Visual Studio 2015
Project("{FAE04EC0-301F-11D3-BF4B-00C04F79EFBC}") = "NeZen.CSharp", "NeZen.CSharp.csproj", "{93F0A4C7-A40A-57E0-29F5-17A75CBA83E7}"
EndProject
Project("{FAE04EC0-301F-11D3-BF4B-00C04F79EFBC}") = "NeZen.CSharp.Editor", "NeZen.CSharp.Editor.csproj", "{82D3137F-7D7A-3996-09AB-BF9681DCFF07}"
EndProject
Global
	GlobalSection(SolutionConfigurationPlatforms) = preSolution
		Debug|Any CPU = Debug|Any CPU
		Release|Any CPU = Release|Any CPU
	EndGlobalSection
	GlobalSection(ProjectConfigurationPlatforms) = postSolution
		{93F0A4C7-A40A-57E0-29F5-17A75CBA83E7}.Debug|Any CPU.ActiveCfg = Debug|Any CPU
		{93F0A4C7-A40A-57E0-29F5-17A75CBA83E7}.Debug|Any CPU.Build.0 = Debug|Any CPU
		{93F0A4C7-A40A-57E0-29F5-17A75CBA83E7}.Release|Any CPU.ActiveCfg = Release|Any CPU
		{93F0A4C7-A40A-57E0-29F5-17A75CBA83E7}.Release|Any CPU.Build.0 = Release|Any CPU
		{82D3137F-7D7A-3996-09AB-BF9681DCFF07}.Debug|Any CPU.ActiveCfg = Debug|Any CPU
		{82D3137F-7D7A-3996-09AB-BF9681DCFF07}.Debug|Any CPU.Build.0 = Debug|Any CPU
		{82D3137F-7D7A-3996-09AB-BF9681DCFF07}.Release|Any CPU.ActiveCfg = Release|Any CPU
		{82D3137F-7D7A-3996-09AB-BF9681DCFF07}.Release|Any CPU.Build.0 = Release|Any CPU
	EndGlobalSection
	GlobalSection(SolutionProperties) = preSolution
		HideSolutionNode = FALSE
	EndGlobalSection
EndGlobal
