Microsoft Visual Studio Solution File, Format Version 11.00
# Visual Studio 2008

Project("{B8359EC0-2AD1-22E6-E660-F3D9442BC3B4}") = "NeZen", "Assembly-CSharp-vs.csproj", "{92DCB1AA-4252-5D8C-B290-0158EFC01BA7}"
EndProject
Project("{B8359EC0-2AD1-22E6-E660-F3D9442BC3B4}") = "NeZen", "Assembly-CSharp-Editor-vs.csproj", "{2FC1B9DB-BBC4-7B23-D577-B7062FCA54A2}"
EndProject
Global
	GlobalSection(SolutionConfigurationPlatforms) = preSolution
		Debug|Any CPU = Debug|Any CPU
		Release|Any CPU = Release|Any CPU
	EndGlobalSection
	GlobalSection(ProjectConfigurationPlatforms) = postSolution
		{92DCB1AA-4252-5D8C-B290-0158EFC01BA7}.Debug|Any CPU.ActiveCfg = Debug|Any CPU
		{92DCB1AA-4252-5D8C-B290-0158EFC01BA7}.Debug|Any CPU.Build.0 = Debug|Any CPU
		{92DCB1AA-4252-5D8C-B290-0158EFC01BA7}.Release|Any CPU.ActiveCfg = Release|Any CPU
		{92DCB1AA-4252-5D8C-B290-0158EFC01BA7}.Release|Any CPU.Build.0 = Release|Any CPU
		{2FC1B9DB-BBC4-7B23-D577-B7062FCA54A2}.Debug|Any CPU.ActiveCfg = Debug|Any CPU
		{2FC1B9DB-BBC4-7B23-D577-B7062FCA54A2}.Debug|Any CPU.Build.0 = Debug|Any CPU
		{2FC1B9DB-BBC4-7B23-D577-B7062FCA54A2}.Release|Any CPU.ActiveCfg = Release|Any CPU
		{2FC1B9DB-BBC4-7B23-D577-B7062FCA54A2}.Release|Any CPU.Build.0 = Release|Any CPU
	EndGlobalSection
	GlobalSection(SolutionProperties) = preSolution
		HideSolutionNode = FALSE
	EndGlobalSection
																																																																																																							GlobalSection(MonoDevelopProperties) = preSolution
		StartupItem = Assembly-CSharp.csproj
		Policies = $0
		$0.TextStylePolicy = $1
		$1.inheritsSet = null
		$1.scope = text/x-csharp
		$0.CSharpFormattingPolicy = $2
		$2.inheritsSet = Mono
		$2.inheritsScope = text/x-csharp
		$2.scope = text/x-csharp
		$0.TextStylePolicy = $3
		$3.FileWidth = 120
		$3.TabWidth = 4
		$3.IndentWidth = 4
		$3.EolMarker = Unix
		$3.inheritsSet = Mono
		$3.inheritsScope = text/plain
		$3.scope = text/plain
	EndGlobalSection

EndGlobal
